// !$*UTF8*$!
{
	archiveVersion = 1;
	classes = {
	};
	objectVersion = 46;
	objects = {

/* Begin PBXBuildFile section */
		792003E81D9996830070A33F /* AppDelegate.swift in Sources */ = {isa = PBXBuildFile; fileRef = 792003E71D9996830070A33F /* AppDelegate.swift */; };
		792003EA1D9996830070A33F /* ViewController.swift in Sources */ = {isa = PBXBuildFile; fileRef = 792003E91D9996830070A33F /* ViewController.swift */; };
		792003ED1D9996830070A33F /* Main.storyboard in Resources */ = {isa = PBXBuildFile; fileRef = 792003EB1D9996830070A33F /* Main.storyboard */; };
		792003EF1D9996830070A33F /* Assets.xcassets in Resources */ = {isa = PBXBuildFile; fileRef = 792003EE1D9996830070A33F /* Assets.xcassets */; };
		792003F21D9996830070A33F /* LaunchScreen.storyboard in Resources */ = {isa = PBXBuildFile; fileRef = 792003F01D9996830070A33F /* LaunchScreen.storyboard */; };
/* End PBXBuildFile section */

/* Begin PBXFileReference section */
		792003E41D9996830070A33F /* FirstAfternoonApp.app */ = {isa = PBXFileReference; explicitFileType = wrapper.application; includeInIndex = 0; path = FirstAfternoonApp.app; sourceTree = BUILT_PRODUCTS_DIR; };
		792003E71D9996830070A33F /* AppDelegate.swift */ = {isa = PBXFileReference; lastKnownFileType = sourcecode.swift; path = AppDelegate.swift; sourceTree = "<group>"; };
		792003E91D9996830070A33F /* ViewController.swift */ = {isa = PBXFileReference; lastKnownFileType = sourcecode.swift; path = ViewController.swift; sourceTree = "<group>"; };
		792003EC1D9996830070A33F /* Base */ = {isa = PBXFileReference; lastKnownFileType = file.storyboard; name = Base; path = Base.lproj/Main.storyboard; sourceTree = "<group>"; };
		792003EE1D9996830070A33F /* Assets.xcassets */ = {isa = PBXFileReference; lastKnownFileType = folder.assetcatalog; path = Assets.xcassets; sourceTree = "<group>"; };
		792003F11D9996830070A33F /* Base */ = {isa = PBXFileReference; lastKnownFileType = file.storyboard; name = Base; path = Base.lproj/LaunchScreen.storyboard; sourceTree = "<group>"; };
		792003F31D9996830070A33F /* Info.plist */ = {isa = PBXFileReference; lastKnownFileType = text.plist.xml; path = Info.plist; sourceTree = "<group>"; };
/* End PBXFileReference section */

/* Begin PBXFrameworksBuildPhase section */
		792003E11D9996830070A33F /* Frameworks */ = {
			isa = PBXFrameworksBuildPhase;
			buildActionMask = 2147483647;
			files = (
			);
			runOnlyForDeploymentPostprocessing = 0;
		};
/* End PBXFrameworksBuildPhase section */

/* Begin PBXGroup section */
		792003DB1D9996830070A33F = {
			isa = PBXGroup;
			children = (
				792003E61D9996830070A33F /* FirstAfternoonApp */,
				792003E51D9996830070A33F /* Products */,
			);
			sourceTree = "<group>";
		};
		792003E51D9996830070A33F /* Products */ = {
			isa = PBXGroup;
			children = (
				792003E41D9996830070A33F /* FirstAfternoonApp.app */,
			);
			name = Products;
			sourceTree = "<group>";
		};
		792003E61D9996830070A33F /* FirstAfternoonApp */ = {
			isa = PBXGroup;
			children = (
				792003E71D9996830070A33F /* AppDelegate.swift */,
				792003E91D9996830070A33F /* ViewController.swift */,
				792003EB1D9996830070A33F /* Main.storyboard */,
				792003EE1D9996830070A33F /* Assets.xcassets */,
				792003F01D9996830070A33F /* LaunchScreen.storyboard */,
				792003F31D9996830070A33F /* Info.plist */,
			);
			path = FirstAfternoonApp;
			sourceTree = "<group>";
		};
/* End PBXGroup section */

/* Begin PBXNativeTarget section */
		792003E31D9996830070A33F /* FirstAfternoonApp */ = {
			isa = PBXNativeTarget;
			buildConfigurationList = 792003F61D9996830070A33F /* Build configuration list for PBXNativeTarget "FirstAfternoonApp" */;
			buildPhases = (
				792003E01D9996830070A33F /* Sources */,
				792003E11D9996830070A33F /* Frameworks */,
				792003E21D9996830070A33F /* Resources */,
			);
			buildRules = (
			);
			dependencies = (
			);
			name = FirstAfternoonApp;
			productName = FirstAfternoonApp;
			productReference = 792003E41D9996830070A33F /* FirstAfternoonApp.app */;
			productType = "com.apple.product-type.application";
		};
/* End PBXNativeTarget section */

/* Begin PBXProject section */
		792003DC1D9996830070A33F /* Project object */ = {
			isa = PBXProject;
			attributes = {
				LastSwiftUpdateCheck = 0720;
				LastUpgradeCheck = 0720;
				ORGANIZATIONNAME = "Morris, Seth";
				TargetAttributes = {
					792003E31D9996830070A33F = {
						CreatedOnToolsVersion = 7.2;
					};
				};
			};
			buildConfigurationList = 792003DF1D9996830070A33F /* Build configuration list for PBXProject "FirstAfternoonApp" */;
			compatibilityVersion = "Xcode 3.2";
			developmentRegion = English;
			hasScannedForEncodings = 0;
			knownRegions = (
				en,
				Base,
			);
			mainGroup = 792003DB1D9996830070A33F;
			productRefGroup = 792003E51D9996830070A33F /* Products */;
			projectDirPath = "";
			projectRoot = "";
			targets = (
				792003E31D9996830070A33F /* FirstAfternoonApp */,
			);
		};
/* End PBXProject section */

/* Begin PBXResourcesBuildPhase section */
		792003E21D9996830070A33F /* Resources */ = {
			isa = PBXResourcesBuildPhase;
			buildActionMask = 2147483647;
			files = (
				792003F21D9996830070A33F /* LaunchScreen.storyboard in Resources */,
				792003EF1D9996830070A33F /* Assets.xcassets in Resources */,
				792003ED1D9996830070A33F /* Main.storyboard in Resources */,
			);
			runOnlyForDeploymentPostprocessing = 0;
		};
/* End PBXResourcesBuildPhase section */

/* Begin PBXSourcesBuildPhase section */
		792003E01D9996830070A33F /* Sources */ = {
			isa = PBXSourcesBuildPhase;
			buildActionMask = 2147483647;
			files = (
				792003EA1D9996830070A33F /* ViewController.swift in Sources */,
				792003E81D9996830070A33F /* AppDelegate.swift in Sources */,
			);
			runOnlyForDeploymentPostprocessing = 0;
		};
/* End PBXSourcesBuildPhase section */

/* Begin PBXVariantGroup section */
		792003EB1D9996830070A33F /* Main.storyboard */ = {
			isa = PBXVariantGroup;
			children = (
				792003EC1D9996830070A33F /* Base */,
			);
			name = Main.storyboard;
			sourceTree = "<group>";
		};
		792003F01D9996830070A33F /* LaunchScreen.storyboard */ = {
			isa = PBXVariantGroup;
			children = (
				792003F11D9996830070A33F /* Base */,
			);
			name = LaunchScreen.storyboard;
			sourceTree = "<group>";
		};
/* End PBXVariantGroup section */

/* Begin XCBuildConfiguration section */
		792003F41D9996830070A33F /* Debug */ = {
			isa = XCBuildConfiguration;
			buildSettings = {
				ALWAYS_SEARCH_USER_PATHS = NO;
				CLANG_CXX_LANGUAGE_STANDARD = "gnu++0x";
				CLANG_CXX_LIBRARY = "libc++";
				CLANG_ENABLE_MODULES = YES;
				CLANG_ENABLE_OBJC_ARC = YES;
				CLANG_WARN_BOOL_CONVERSION = YES;
				CLANG_WARN_CONSTANT_CONVERSION = YES;
				CLANG_WARN_DIRECT_OBJC_ISA_USAGE = YES_ERROR;
				CLANG_WARN_EMPTY_BODY = YES;
				CLANG_WARN_ENUM_CONVERSION = YES;
				CLANG_WARN_INT_CONVERSION = YES;
				CLANG_WARN_OBJC_ROOT_CLASS = YES_ERROR;
				CLANG_WARN_UNREACHABLE_CODE = YES;
				CLANG_WARN__DUPLICATE_METHOD_MATCH = YES;
				"CODE_SIGN_IDENTITY[sdk=iphoneos*]" = "iPhone Developer";
				COPY_PHASE_STRIP = NO;
				DEBUG_INFORMATION_FORMAT = dwarf;
				ENABLE_STRICT_OBJC_MSGSEND = YES;
				ENABLE_TESTABILITY = YES;
				GCC_C_LANGUAGE_STANDARD = gnu99;
				GCC_DYNAMIC_NO_PIC = NO;
				GCC_NO_COMMON_BLOCKS = YES;
				GCC_OPTIMIZATION_LEVEL = 0;
				GCC_PREPROCESSOR_DEFINITIONS = (
					"DEBUG=1",
					"$(inherited)",
				);
				GCC_WARN_64_TO_32_BIT_CONVERSION = YES;
				GCC_WARN_ABOUT_RETURN_TYPE = YES_ERROR;
				GCC_WARN_UNDECLARED_SELECTOR = YES;
				GCC_WARN_UNINITIALIZED_AUTOS = YES_AGGRESSIVE;
				GCC_WARN_UNUSED_FUNCTION = YES;
				GCC_WARN_UNUSED_VARIABLE = YES;
				IPHONEOS_DEPLOYMENT_TARGET = 9.2;
				MTL_ENABLE_DEBUG_INFO = YES;
				ONLY_ACTIVE_ARCH = YES;
				SDKROOT = iphoneos;
				SWIFT_OPTIMIZATION_LEVEL = "-Onone";
				TARGETED_DEVICE_FAMILY = "1,2";
			};
			name = Debug;
		};
		792003F51D9996830070A33F /* Release */ = {
			isa = XCBuildConfiguration;
			buildSettings = {
				ALWAYS_SEARCH_USER_PATHS = NO;
				CLANG_CXX_LANGUAGE_STANDARD = "gnu++0x";
				CLANG_CXX_LIBRARY = "libc++";
				CLANG_ENABLE_MODULES = YES;
				CLANG_ENABLE_OBJC_ARC = YES;
				CLANG_WARN_BOOL_CONVERSION = YES;
				CLANG_WARN_CONSTANT_CONVERSION = YES;
				CLANG_WARN_DIRECT_OBJC_ISA_USAGE = YES_ERROR;
				CLANG_WARN_EMPTY_BODY = YES;
				CLANG_WARN_ENUM_CONVERSION = YES;
				CLANG_WARN_INT_CONVERSION = YES;
				CLANG_WARN_OBJC_ROOT_CLASS = YES_ERROR;
				CLANG_WARN_UNREACHABLE_CODE = YES;
				CLANG_WARN__DUPLICATE_METHOD_MATCH = YES;
				"CODE_SIGN_IDENTITY[sdk=iphoneos*]" = "iPhone Developer";
				COPY_PHASE_STRIP = NO;
				DEBUG_INFORMATION_FORMAT = "dwarf-with-dsym";
				ENABLE_NS_ASSERTIONS = NO;
				ENABLE_STRICT_OBJC_MSGSEND = YES;
				GCC_C_LANGUAGE_STANDARD = gnu99;
				GCC_NO_COMMON_BLOCKS = YES;
				GCC_WARN_64_TO_32_BIT_CONVERSION = YES;
				GCC_WARN_ABOUT_RETURN_TYPE = YES_ERROR;
				GCC_WARN_UNDECLARED_SELECTOR = YES;
				GCC_WARN_UNINITIALIZED_AUTOS = YES_AGGRESSIVE;
				GCC_WARN_UNUSED_FUNCTION = YES;
				GCC_WARN_UNUSED_VARIABLE = YES;
				IPHONEOS_DEPLOYMENT_TARGET = 9.2;
				MTL_ENABLE_DEBUG_INFO = NO;
				SDKROOT = iphoneos;
				TARGETED_DEVICE_FAMILY = "1,2";
				VALIDATE_PRODUCT = YES;
			};
			name = Release;
		};
		792003F71D9996830070A33F /* Debug */ = {
			isa = XCBuildConfiguration;
			buildSettings = {
				ASSETCATALOG_COMPILER_APPICON_NAME = AppIcon;
				INFOPLIST_FILE = FirstAfternoonApp/Info.plist;
				LD_RUNPATH_SEARCH_PATHS = "$(inherited) @executable_path/Frameworks";
				PRODUCT_BUNDLE_IDENTIFIER = CTEC.FirstAfternoonApp;
				PRODUCT_NAME = "$(TARGET_NAME)";
			};
			name = Debug;
		};
		792003F81D9996830070A33F /* Release */ = {
			isa = XCBuildConfiguration;
			buildSettings = {
				ASSETCATALOG_COMPILER_APPICON_NAME = AppIcon;
				INFOPLIST_FILE = FirstAfternoonApp/Info.plist;
				LD_RUNPATH_SEARCH_PATHS = "$(inherited) @executable_path/Frameworks";
				PRODUCT_BUNDLE_IDENTIFIER = CTEC.FirstAfternoonApp;
				PRODUCT_NAME = "$(TARGET_NAME)";
			};
			name = Release;
		};
/* End XCBuildConfiguration section */

/* Begin XCConfigurationList section */
		792003DF1D9996830070A33F /* Build configuration list for PBXProject "FirstAfternoonApp" */ = {
			isa = XCConfigurationList;
			buildConfigurations = (
				792003F41D9996830070A33F /* Debug */,
				792003F51D9996830070A33F /* Release */,
			);
			defaultConfigurationIsVisible = 0;
			defaultConfigurationName = Release;
		};
		792003F61D9996830070A33F /* Build configuration list for PBXNativeTarget "FirstAfternoonApp" */ = {
			isa = XCConfigurationList;
			buildConfigurations = (
				792003F71D9996830070A33F /* Debug */,
				792003F81D9996830070A33F /* Release */,
			);
			defaultConfigurationIsVisible = 0;
		};
/* End XCConfigurationList section */
	};
	rootObject = 792003DC1D9996830070A33F /* Project object */;
}
